
Microsoft Visual Studio Solution File, Format Version 12.00
# Visual Studio Version 17
VisualStudioVersion = 17.13.35818.85
MinimumVisualStudioVersion = 10.0.40219.1
Project("{2150E333-8FDC-42A3-9474-1A3956D46DE8}") = "RestApiStaticData", "RestApiStaticData", "{7F950705-F31C-441B-B214-02B7A9F48C1C}"
EndProject
Project("{FAE04EC0-301F-11D3-BF4B-00C04F79EFBC}") = "Movies.API", "RestApiStaticData\Movies.API\Movies.API.csproj", "{A446942F-0854-4DAB-A914-D7C4662119F8}"
EndProject
Project("{FAE04EC0-301F-11D3-BF4B-00C04F79EFBC}") = "Movies.Application", "RestApiStaticData\Movies.Application\Movies.Application.csproj", "{FEE18888-5885-4AB5-865D-6ADF73C553E8}"
EndProject
Project("{FAE04EC0-301F-11D3-BF4B-00C04F79EFBC}") = "Movies.Contracts", "RestApiStaticData\Movies.Contracts\Movies.Contracts.csproj", "{5FC7A8ED-1698-441D-B922-0C05B747993F}"
EndProject
Project("{2150E333-8FDC-42A3-9474-1A3956D46DE8}") = "RestApiDb", "RestApiDb", "{CCCCD1D2-68F4-4A8D-8F4B-365836889427}"
EndProject
Project("{FAE04EC0-301F-11D3-BF4B-00C04F79EFBC}") = "Movies.API", "RestApiDb\Movies.API\Movies.API.csproj", "{97CA30FF-FF80-436D-8BD2-E35B908E330B}"
EndProject
Project("{FAE04EC0-301F-11D3-BF4B-00C04F79EFBC}") = "Movies.Application", "Movies.Application\Movies.Application.csproj", "{F4B2497E-2E80-47FD-B98B-C1157C02F99C}"
EndProject
Project("{FAE04EC0-301F-11D3-BF4B-00C04F79EFBC}") = "Movies.Contracts", "Movies.Contracts\Movies.Contracts.csproj", "{03BE7605-56B0-4AD7-91C7-999F6B8AA31A}"
EndProject
Global
	GlobalSection(SolutionConfigurationPlatforms) = preSolution
		Debug|Any CPU = Debug|Any CPU
		Release|Any CPU = Release|Any CPU
	EndGlobalSection
	GlobalSection(ProjectConfigurationPlatforms) = postSolution
		{A446942F-0854-4DAB-A914-D7C4662119F8}.Debug|Any CPU.ActiveCfg = Debug|Any CPU
		{A446942F-0854-4DAB-A914-D7C4662119F8}.Debug|Any CPU.Build.0 = Debug|Any CPU
		{A446942F-0854-4DAB-A914-D7C4662119F8}.Release|Any CPU.ActiveCfg = Release|Any CPU
		{A446942F-0854-4DAB-A914-D7C4662119F8}.Release|Any CPU.Build.0 = Release|Any CPU
		{FEE18888-5885-4AB5-865D-6ADF73C553E8}.Debug|Any CPU.ActiveCfg = Debug|Any CPU
		{FEE18888-5885-4AB5-865D-6ADF73C553E8}.Debug|Any CPU.Build.0 = Debug|Any CPU
		{FEE18888-5885-4AB5-865D-6ADF73C553E8}.Release|Any CPU.ActiveCfg = Release|Any CPU
		{FEE18888-5885-4AB5-865D-6ADF73C553E8}.Release|Any CPU.Build.0 = Release|Any CPU
		{5FC7A8ED-1698-441D-B922-0C05B747993F}.Debug|Any CPU.ActiveCfg = Debug|Any CPU
		{5FC7A8ED-1698-441D-B922-0C05B747993F}.Debug|Any CPU.Build.0 = Debug|Any CPU
		{5FC7A8ED-1698-441D-B922-0C05B747993F}.Release|Any CPU.ActiveCfg = Release|Any CPU
		{5FC7A8ED-1698-441D-B922-0C05B747993F}.Release|Any CPU.Build.0 = Release|Any CPU
		{97CA30FF-FF80-436D-8BD2-E35B908E330B}.Debug|Any CPU.ActiveCfg = Debug|Any CPU
		{97CA30FF-FF80-436D-8BD2-E35B908E330B}.Debug|Any CPU.Build.0 = Debug|Any CPU
		{97CA30FF-FF80-436D-8BD2-E35B908E330B}.Release|Any CPU.ActiveCfg = Release|Any CPU
		{97CA30FF-FF80-436D-8BD2-E35B908E330B}.Release|Any CPU.Build.0 = Release|Any CPU
		{F4B2497E-2E80-47FD-B98B-C1157C02F99C}.Debug|Any CPU.ActiveCfg = Debug|Any CPU
		{F4B2497E-2E80-47FD-B98B-C1157C02F99C}.Debug|Any CPU.Build.0 = Debug|Any CPU
		{F4B2497E-2E80-47FD-B98B-C1157C02F99C}.Release|Any CPU.ActiveCfg = Release|Any CPU
		{F4B2497E-2E80-47FD-B98B-C1157C02F99C}.Release|Any CPU.Build.0 = Release|Any CPU
		{03BE7605-56B0-4AD7-91C7-999F6B8AA31A}.Debug|Any CPU.ActiveCfg = Debug|Any CPU
		{03BE7605-56B0-4AD7-91C7-999F6B8AA31A}.Debug|Any CPU.Build.0 = Debug|Any CPU
		{03BE7605-56B0-4AD7-91C7-999F6B8AA31A}.Release|Any CPU.ActiveCfg = Release|Any CPU
		{03BE7605-56B0-4AD7-91C7-999F6B8AA31A}.Release|Any CPU.Build.0 = Release|Any CPU
	EndGlobalSection
	GlobalSection(SolutionProperties) = preSolution
		HideSolutionNode = FALSE
	EndGlobalSection
	GlobalSection(NestedProjects) = preSolution
		{A446942F-0854-4DAB-A914-D7C4662119F8} = {7F950705-F31C-441B-B214-02B7A9F48C1C}
		{FEE18888-5885-4AB5-865D-6ADF73C553E8} = {7F950705-F31C-441B-B214-02B7A9F48C1C}
		{5FC7A8ED-1698-441D-B922-0C05B747993F} = {7F950705-F31C-441B-B214-02B7A9F48C1C}
		{97CA30FF-FF80-436D-8BD2-E35B908E330B} = {CCCCD1D2-68F4-4A8D-8F4B-365836889427}
		{F4B2497E-2E80-47FD-B98B-C1157C02F99C} = {CCCCD1D2-68F4-4A8D-8F4B-365836889427}
		{03BE7605-56B0-4AD7-91C7-999F6B8AA31A} = {CCCCD1D2-68F4-4A8D-8F4B-365836889427}
	EndGlobalSection
	GlobalSection(ExtensibilityGlobals) = postSolution
		SolutionGuid = {5CEF6226-8FB0-478B-8FEF-AD4204AA6630}
	EndGlobalSection
EndGlobal
