
Microsoft Visual Studio Solution File, Format Version 12.00
# Visual Studio Version 17
VisualStudioVersion = 17.13.35818.85
MinimumVisualStudioVersion = 10.0.40219.1
Project("{FAE04EC0-301F-11D3-BF4B-00C04F79EFBC}") = "Movies.API", "RestApiDb\Movies.API\Movies.API.csproj", "{97CA30FF-FF80-436D-8BD2-E35B908E330B}"
EndProject
Project("{FAE04EC0-301F-11D3-BF4B-00C04F79EFBC}") = "Movies.Application", "RestApiDb\Movies.Application\Movies.Application.csproj", "{46B803C6-252F-4D8A-B074-6B1AFBBE4A02}"
EndProject
Project("{FAE04EC0-301F-11D3-BF4B-00C04F79EFBC}") = "Movies.Contracts", "RestApiDb\Movies.Contracts\Movies.Contracts.csproj", "{D84C1893-67E4-41C8-BCBF-FB3D49475980}"
EndProject
Global
	GlobalSection(SolutionConfigurationPlatforms) = preSolution
		Debug|Any CPU = Debug|Any CPU
		Release|Any CPU = Release|Any CPU
	EndGlobalSection
	GlobalSection(ProjectConfigurationPlatforms) = postSolution
		{97CA30FF-FF80-436D-8BD2-E35B908E330B}.Debug|Any CPU.ActiveCfg = Debug|Any CPU
		{97CA30FF-FF80-436D-8BD2-E35B908E330B}.Debug|Any CPU.Build.0 = Debug|Any CPU
		{97CA30FF-FF80-436D-8BD2-E35B908E330B}.Release|Any CPU.ActiveCfg = Release|Any CPU
		{97CA30FF-FF80-436D-8BD2-E35B908E330B}.Release|Any CPU.Build.0 = Release|Any CPU
		{46B803C6-252F-4D8A-B074-6B1AFBBE4A02}.Debug|Any CPU.ActiveCfg = Debug|Any CPU
		{46B803C6-252F-4D8A-B074-6B1AFBBE4A02}.Debug|Any CPU.Build.0 = Debug|Any CPU
		{46B803C6-252F-4D8A-B074-6B1AFBBE4A02}.Release|Any CPU.ActiveCfg = Release|Any CPU
		{46B803C6-252F-4D8A-B074-6B1AFBBE4A02}.Release|Any CPU.Build.0 = Release|Any CPU
		{D84C1893-67E4-41C8-BCBF-FB3D49475980}.Debug|Any CPU.ActiveCfg = Debug|Any CPU
		{D84C1893-67E4-41C8-BCBF-FB3D49475980}.Debug|Any CPU.Build.0 = Debug|Any CPU
		{D84C1893-67E4-41C8-BCBF-FB3D49475980}.Release|Any CPU.ActiveCfg = Release|Any CPU
		{D84C1893-67E4-41C8-BCBF-FB3D49475980}.Release|Any CPU.Build.0 = Release|Any CPU
	EndGlobalSection
	GlobalSection(SolutionProperties) = preSolution
		HideSolutionNode = FALSE
	EndGlobalSection
	GlobalSection(NestedProjects) = preSolution
	EndGlobalSection
	GlobalSection(ExtensibilityGlobals) = postSolution
		SolutionGuid = {5CEF6226-8FB0-478B-8FEF-AD4204AA6630}
	EndGlobalSection
EndGlobal
