
Microsoft Visual Studio Solution File, Format Version 12.00
# Visual Studio Version 17
VisualStudioVersion = 17.13.35818.85
MinimumVisualStudioVersion = 10.0.40219.1
Project("{FAE04EC0-301F-11D3-BF4B-00C04F79EFBC}") = "Novies.API", "Novies.API\Novies.API.csproj", "{6903C4B1-2428-4B81-BC20-492EA75B9D78}"
EndProject
Project("{FAE04EC0-301F-11D3-BF4B-00C04F79EFBC}") = "Movies.Application", "Movies.Application\Movies.Application.csproj", "{5FB5F4DB-1C20-4F80-92CD-F489AF685EBA}"
EndProject
Project("{FAE04EC0-301F-11D3-BF4B-00C04F79EFBC}") = "Movies.Contracts", "MOvies.Contracts\Movies.Contracts.csproj", "{29F1A405-985D-4BEE-9625-5AC21BDB3015}"
EndProject
Global
	GlobalSection(SolutionConfigurationPlatforms) = preSolution
		Debug|Any CPU = Debug|Any CPU
		Release|Any CPU = Release|Any CPU
	EndGlobalSection
	GlobalSection(ProjectConfigurationPlatforms) = postSolution
		{6903C4B1-2428-4B81-BC20-492EA75B9D78}.Debug|Any CPU.ActiveCfg = Debug|Any CPU
		{6903C4B1-2428-4B81-BC20-492EA75B9D78}.Debug|Any CPU.Build.0 = Debug|Any CPU
		{6903C4B1-2428-4B81-BC20-492EA75B9D78}.Release|Any CPU.ActiveCfg = Release|Any CPU
		{6903C4B1-2428-4B81-BC20-492EA75B9D78}.Release|Any CPU.Build.0 = Release|Any CPU
		{5FB5F4DB-1C20-4F80-92CD-F489AF685EBA}.Debug|Any CPU.ActiveCfg = Debug|Any CPU
		{5FB5F4DB-1C20-4F80-92CD-F489AF685EBA}.Debug|Any CPU.Build.0 = Debug|Any CPU
		{5FB5F4DB-1C20-4F80-92CD-F489AF685EBA}.Release|Any CPU.ActiveCfg = Release|Any CPU
		{5FB5F4DB-1C20-4F80-92CD-F489AF685EBA}.Release|Any CPU.Build.0 = Release|Any CPU
		{29F1A405-985D-4BEE-9625-5AC21BDB3015}.Debug|Any CPU.ActiveCfg = Debug|Any CPU
		{29F1A405-985D-4BEE-9625-5AC21BDB3015}.Debug|Any CPU.Build.0 = Debug|Any CPU
		{29F1A405-985D-4BEE-9625-5AC21BDB3015}.Release|Any CPU.ActiveCfg = Release|Any CPU
		{29F1A405-985D-4BEE-9625-5AC21BDB3015}.Release|Any CPU.Build.0 = Release|Any CPU
	EndGlobalSection
	GlobalSection(SolutionProperties) = preSolution
		HideSolutionNode = FALSE
	EndGlobalSection
	GlobalSection(ExtensibilityGlobals) = postSolution
		SolutionGuid = {5CEF6226-8FB0-478B-8FEF-AD4204AA6630}
	EndGlobalSection
EndGlobal
